
Microsoft Visual Studio Solution File, Format Version 12.00
# Visual Studio Version 17
VisualStudioVersion = 17.14.36408.4
MinimumVisualStudioVersion = 10.0.40219.1
Project("{9A19103F-16F7-4668-BE54-9A1E7A4F7556}") = "EDC2Reporting.WebAPI", "EDC2Reporting.WebAPI\EDC2Reporting.WebAPI.csproj", "{52A5AF2B-EBE9-43BC-8EC9-E3F830AEC879}"
EndProject
Project("{9A19103F-16F7-4668-BE54-9A1E7A4F7556}") = "Utilities", "Utilities\Utilities.csproj", "{7B3EE21D-755C-4301-8C1A-F48F73E86456}"
EndProject
Project("{9A19103F-16F7-4668-BE54-9A1E7A4F7556}") = "UtilitiesTests", "UtilitiesTests\UtilitiesTests.csproj", "{B466840A-9E0F-4427-9A07-B05417B3631C}"
EndProject
Project("{9A19103F-16F7-4668-BE54-9A1E7A4F7556}") = "DataServicesTests", "MainStaticMaintainableEntitiesTests\DataServicesTests.csproj", "{492D6E67-1904-4268-9D18-D59C8DE5B3C8}"
EndProject
Project("{9A19103F-16F7-4668-BE54-9A1E7A4F7556}") = "RabbitMq", "RabbitMq\RabbitMq.csproj", "{91E8AA50-78A9-4B5F-A5A6-F8A99E96C16E}"
EndProject
Project("{9A19103F-16F7-4668-BE54-9A1E7A4F7556}") = "DataServices", "DataServices\DataServices.csproj", "{C4DD9591-FFAC-4040-B957-E94AD58ED3CB}"
EndProject
Project("{9A19103F-16F7-4668-BE54-9A1E7A4F7556}") = "MailClientLayer", "MailClientLayer\MailClientLayer.csproj", "{968FFA7B-1E9C-4A9B-9533-B9FB75CB5009}"
EndProject
Project("{9A19103F-16F7-4668-BE54-9A1E7A4F7556}") = "SessionLayer", "SessionLayer\SessionLayer.csproj", "{E8AD811D-024F-4F3F-9F10-F6E70990B058}"
EndProject
Project("{FAE04EC0-301F-11D3-BF4B-00C04F79EFBC}") = "Edc2Reporting.AuthenticationStartup", "Edc2Reporting.AuthenticationStartup\Edc2Reporting.AuthenticationStartup.csproj", "{81CE1789-40DF-431A-AF69-3FC906FF5FF3}"
EndProject
Global
	GlobalSection(SolutionConfigurationPlatforms) = preSolution
		Debug|Any CPU = Debug|Any CPU
		Release|Any CPU = Release|Any CPU
	EndGlobalSection
	GlobalSection(ProjectConfigurationPlatforms) = postSolution
		{52A5AF2B-EBE9-43BC-8EC9-E3F830AEC879}.Debug|Any CPU.ActiveCfg = Debug|Any CPU
		{52A5AF2B-EBE9-43BC-8EC9-E3F830AEC879}.Debug|Any CPU.Build.0 = Debug|Any CPU
		{52A5AF2B-EBE9-43BC-8EC9-E3F830AEC879}.Release|Any CPU.ActiveCfg = Release|Any CPU
		{52A5AF2B-EBE9-43BC-8EC9-E3F830AEC879}.Release|Any CPU.Build.0 = Release|Any CPU
		{7B3EE21D-755C-4301-8C1A-F48F73E86456}.Debug|Any CPU.ActiveCfg = Debug|Any CPU
		{7B3EE21D-755C-4301-8C1A-F48F73E86456}.Debug|Any CPU.Build.0 = Debug|Any CPU
		{7B3EE21D-755C-4301-8C1A-F48F73E86456}.Release|Any CPU.ActiveCfg = Release|Any CPU
		{7B3EE21D-755C-4301-8C1A-F48F73E86456}.Release|Any CPU.Build.0 = Release|Any CPU
		{B466840A-9E0F-4427-9A07-B05417B3631C}.Debug|Any CPU.ActiveCfg = Debug|Any CPU
		{B466840A-9E0F-4427-9A07-B05417B3631C}.Debug|Any CPU.Build.0 = Debug|Any CPU
		{B466840A-9E0F-4427-9A07-B05417B3631C}.Release|Any CPU.ActiveCfg = Release|Any CPU
		{B466840A-9E0F-4427-9A07-B05417B3631C}.Release|Any CPU.Build.0 = Release|Any CPU
		{492D6E67-1904-4268-9D18-D59C8DE5B3C8}.Debug|Any CPU.ActiveCfg = Debug|Any CPU
		{492D6E67-1904-4268-9D18-D59C8DE5B3C8}.Debug|Any CPU.Build.0 = Debug|Any CPU
		{492D6E67-1904-4268-9D18-D59C8DE5B3C8}.Release|Any CPU.ActiveCfg = Release|Any CPU
		{492D6E67-1904-4268-9D18-D59C8DE5B3C8}.Release|Any CPU.Build.0 = Release|Any CPU
		{91E8AA50-78A9-4B5F-A5A6-F8A99E96C16E}.Debug|Any CPU.ActiveCfg = Debug|Any CPU
		{91E8AA50-78A9-4B5F-A5A6-F8A99E96C16E}.Debug|Any CPU.Build.0 = Debug|Any CPU
		{91E8AA50-78A9-4B5F-A5A6-F8A99E96C16E}.Release|Any CPU.ActiveCfg = Release|Any CPU
		{91E8AA50-78A9-4B5F-A5A6-F8A99E96C16E}.Release|Any CPU.Build.0 = Release|Any CPU
		{C4DD9591-FFAC-4040-B957-E94AD58ED3CB}.Debug|Any CPU.ActiveCfg = Debug|Any CPU
		{C4DD9591-FFAC-4040-B957-E94AD58ED3CB}.Debug|Any CPU.Build.0 = Debug|Any CPU
		{C4DD9591-FFAC-4040-B957-E94AD58ED3CB}.Release|Any CPU.ActiveCfg = Release|Any CPU
		{C4DD9591-FFAC-4040-B957-E94AD58ED3CB}.Release|Any CPU.Build.0 = Release|Any CPU
		{968FFA7B-1E9C-4A9B-9533-B9FB75CB5009}.Debug|Any CPU.ActiveCfg = Debug|Any CPU
		{968FFA7B-1E9C-4A9B-9533-B9FB75CB5009}.Debug|Any CPU.Build.0 = Debug|Any CPU
		{968FFA7B-1E9C-4A9B-9533-B9FB75CB5009}.Release|Any CPU.ActiveCfg = Release|Any CPU
		{968FFA7B-1E9C-4A9B-9533-B9FB75CB5009}.Release|Any CPU.Build.0 = Release|Any CPU
		{E8AD811D-024F-4F3F-9F10-F6E70990B058}.Debug|Any CPU.ActiveCfg = Debug|Any CPU
		{E8AD811D-024F-4F3F-9F10-F6E70990B058}.Debug|Any CPU.Build.0 = Debug|Any CPU
		{E8AD811D-024F-4F3F-9F10-F6E70990B058}.Release|Any CPU.ActiveCfg = Release|Any CPU
		{E8AD811D-024F-4F3F-9F10-F6E70990B058}.Release|Any CPU.Build.0 = Release|Any CPU
		{81CE1789-40DF-431A-AF69-3FC906FF5FF3}.Debug|Any CPU.ActiveCfg = Debug|Any CPU
		{81CE1789-40DF-431A-AF69-3FC906FF5FF3}.Debug|Any CPU.Build.0 = Debug|Any CPU
		{81CE1789-40DF-431A-AF69-3FC906FF5FF3}.Release|Any CPU.ActiveCfg = Release|Any CPU
		{81CE1789-40DF-431A-AF69-3FC906FF5FF3}.Release|Any CPU.Build.0 = Release|Any CPU
	EndGlobalSection
	GlobalSection(SolutionProperties) = preSolution
		HideSolutionNode = FALSE
	EndGlobalSection
	GlobalSection(ExtensibilityGlobals) = postSolution
		SolutionGuid = {63F73348-D33C-4FE5-A0C9-559FB41BB44B}
	EndGlobalSection
EndGlobal
