
Microsoft Visual Studio Solution File, Format Version 12.00
# Visual Studio Version 16
VisualStudioVersion = 16.0.30330.147
MinimumVisualStudioVersion = 10.0.40219.1
Project("{9A19103F-16F7-4668-BE54-9A1E7A4F7556}") = "EDC2Reporting.WebAPI", "EDC2Reporting.WebAPI\EDC2Reporting.WebAPI.csproj", "{52A5AF2B-EBE9-43BC-8EC9-E3F830AEC879}"
EndProject
Project("{FAE04EC0-301F-11D3-BF4B-00C04F79EFBC}") = "MainStaticMaintainableEntities", "MainStaticMaintainableEntities\MainStaticMaintainableEntities.csproj", "{16B2A8AF-3B0B-4901-B09F-721234D362A1}"
EndProject
Project("{FAE04EC0-301F-11D3-BF4B-00C04F79EFBC}") = "Utilities", "Utilities\Utilities.csproj", "{7B3EE21D-755C-4301-8C1A-F48F73E86456}"
EndProject
Project("{FAE04EC0-301F-11D3-BF4B-00C04F79EFBC}") = "Components", "Components\Components.csproj", "{58B2695A-6D25-4F63-93D2-EDCF8FF04A54}"
EndProject
Project("{FAE04EC0-301F-11D3-BF4B-00C04F79EFBC}") = "UtilitiesTests", "UtilitiesTests\UtilitiesTests.csproj", "{B466840A-9E0F-4427-9A07-B05417B3631C}"
EndProject
Project("{FAE04EC0-301F-11D3-BF4B-00C04F79EFBC}") = "MainStaticMaintainableEntitiesTests", "MainStaticMaintainableEntitiesTests\MainStaticMaintainableEntitiesTests.csproj", "{492D6E67-1904-4268-9D18-D59C8DE5B3C8}"
EndProject
Global
	GlobalSection(SolutionConfigurationPlatforms) = preSolution
		Debug|Any CPU = Debug|Any CPU
		Release|Any CPU = Release|Any CPU
	EndGlobalSection
	GlobalSection(ProjectConfigurationPlatforms) = postSolution
		{52A5AF2B-EBE9-43BC-8EC9-E3F830AEC879}.Debug|Any CPU.ActiveCfg = Debug|Any CPU
		{52A5AF2B-EBE9-43BC-8EC9-E3F830AEC879}.Debug|Any CPU.Build.0 = Debug|Any CPU
		{52A5AF2B-EBE9-43BC-8EC9-E3F830AEC879}.Release|Any CPU.ActiveCfg = Release|Any CPU
		{52A5AF2B-EBE9-43BC-8EC9-E3F830AEC879}.Release|Any CPU.Build.0 = Release|Any CPU
		{16B2A8AF-3B0B-4901-B09F-721234D362A1}.Debug|Any CPU.ActiveCfg = Debug|Any CPU
		{16B2A8AF-3B0B-4901-B09F-721234D362A1}.Debug|Any CPU.Build.0 = Debug|Any CPU
		{16B2A8AF-3B0B-4901-B09F-721234D362A1}.Release|Any CPU.ActiveCfg = Release|Any CPU
		{16B2A8AF-3B0B-4901-B09F-721234D362A1}.Release|Any CPU.Build.0 = Release|Any CPU
		{7B3EE21D-755C-4301-8C1A-F48F73E86456}.Debug|Any CPU.ActiveCfg = Debug|Any CPU
		{7B3EE21D-755C-4301-8C1A-F48F73E86456}.Debug|Any CPU.Build.0 = Debug|Any CPU
		{7B3EE21D-755C-4301-8C1A-F48F73E86456}.Release|Any CPU.ActiveCfg = Release|Any CPU
		{7B3EE21D-755C-4301-8C1A-F48F73E86456}.Release|Any CPU.Build.0 = Release|Any CPU
		{58B2695A-6D25-4F63-93D2-EDCF8FF04A54}.Debug|Any CPU.ActiveCfg = Debug|Any CPU
		{58B2695A-6D25-4F63-93D2-EDCF8FF04A54}.Debug|Any CPU.Build.0 = Debug|Any CPU
		{58B2695A-6D25-4F63-93D2-EDCF8FF04A54}.Release|Any CPU.ActiveCfg = Release|Any CPU
		{58B2695A-6D25-4F63-93D2-EDCF8FF04A54}.Release|Any CPU.Build.0 = Release|Any CPU
		{B466840A-9E0F-4427-9A07-B05417B3631C}.Debug|Any CPU.ActiveCfg = Debug|Any CPU
		{B466840A-9E0F-4427-9A07-B05417B3631C}.Debug|Any CPU.Build.0 = Debug|Any CPU
		{B466840A-9E0F-4427-9A07-B05417B3631C}.Release|Any CPU.ActiveCfg = Release|Any CPU
		{B466840A-9E0F-4427-9A07-B05417B3631C}.Release|Any CPU.Build.0 = Release|Any CPU
		{492D6E67-1904-4268-9D18-D59C8DE5B3C8}.Debug|Any CPU.ActiveCfg = Debug|Any CPU
		{492D6E67-1904-4268-9D18-D59C8DE5B3C8}.Debug|Any CPU.Build.0 = Debug|Any CPU
		{492D6E67-1904-4268-9D18-D59C8DE5B3C8}.Release|Any CPU.ActiveCfg = Release|Any CPU
		{492D6E67-1904-4268-9D18-D59C8DE5B3C8}.Release|Any CPU.Build.0 = Release|Any CPU
	EndGlobalSection
	GlobalSection(SolutionProperties) = preSolution
		HideSolutionNode = FALSE
	EndGlobalSection
	GlobalSection(ExtensibilityGlobals) = postSolution
		SolutionGuid = {63F73348-D33C-4FE5-A0C9-559FB41BB44B}
	EndGlobalSection
EndGlobal
